// !$*UTF8*$!
{
	archiveVersion = 1;
	classes = {
	};
	objectVersion = 51;
	objects = {

/* Begin PBXBuildFile section */
		2400D20918F6A0268D25424C /* Pods_TestApp_TestAppUITests.framework in Frameworks */ = {isa = PBXBuildFile; fileRef = B5E4F4EF751EA426A3CD633D /* Pods_TestApp_TestAppUITests.framework */; };
		8B4A3EEC245C1D5600C56ABD /* AppDelegate.swift in Sources */ = {isa = PBXBuildFile; fileRef = 8B4A3EEB245C1D5600C56ABD /* AppDelegate.swift */; };
		8B4A3EEE245C1D5600C56ABD /* SceneDelegate.swift in Sources */ = {isa = PBXBuildFile; fileRef = 8B4A3EED245C1D5600C56ABD /* SceneDelegate.swift */; };
		8B4A3EF0245C1D5600C56ABD /* ViewController.swift in Sources */ = {isa = PBXBuildFile; fileRef = 8B4A3EEF245C1D5600C56ABD /* ViewController.swift */; };
		8B4A3EF3245C1D5600C56ABD /* Main.storyboard in Resources */ = {isa = PBXBuildFile; fileRef = 8B4A3EF1245C1D5600C56ABD /* Main.storyboard */; };
		8B4A3EF6245C1D5600C56ABD /* TestApp.xcdatamodeld in Sources */ = {isa = PBXBuildFile; fileRef = 8B4A3EF4245C1D5600C56ABD /* TestApp.xcdatamodeld */; };
		8B4A3EF8245C1D5800C56ABD /* Assets.xcassets in Resources */ = {isa = PBXBuildFile; fileRef = 8B4A3EF7245C1D5800C56ABD /* Assets.xcassets */; };
		8B4A3EFB245C1D5800C56ABD /* LaunchScreen.storyboard in Resources */ = {isa = PBXBuildFile; fileRef = 8B4A3EF9245C1D5800C56ABD /* LaunchScreen.storyboard */; };
		8B4A3F06245C1D5800C56ABD /* TestAppTests.swift in Sources */ = {isa = PBXBuildFile; fileRef = 8B4A3F05245C1D5800C56ABD /* TestAppTests.swift */; };
		8B4A3F11245C1D5800C56ABD /* TestAppUITests.swift in Sources */ = {isa = PBXBuildFile; fileRef = 8B4A3F10245C1D5800C56ABD /* TestAppUITests.swift */; };
		8B4A3F21245C1D9500C56ABD /* AppHttp.swift in Sources */ = {isa = PBXBuildFile; fileRef = 8B4A3F20245C1D9500C56ABD /* AppHttp.swift */; };
		8B4A3F23245C1DB000C56ABD /* Issues.swift in Sources */ = {isa = PBXBuildFile; fileRef = 8B4A3F22245C1DB000C56ABD /* Issues.swift */; };
		8B9DB5CB245C1F0100770292 /* UserCellTableViewCell.swift in Sources */ = {isa = PBXBuildFile; fileRef = 8B9DB5CA245C1F0100770292 /* UserCellTableViewCell.swift */; };
		AFDCA886E96358A5D1032F3C /* Pods_TestApp.framework in Frameworks */ = {isa = PBXBuildFile; fileRef = 78EF31B0C004F86B41F4E655 /* Pods_TestApp.framework */; };
		E3EF861A0963DC89E0D565DF /* Pods_TestAppTests.framework in Frameworks */ = {isa = PBXBuildFile; fileRef = 10DF65B7BE4C95EB940AB492 /* Pods_TestAppTests.framework */; };
/* End PBXBuildFile section */

/* Begin PBXContainerItemProxy section */
		8B4A3F02245C1D5800C56ABD /* PBXContainerItemProxy */ = {
			isa = PBXContainerItemProxy;
			containerPortal = 8B4A3EE0245C1D5600C56ABD /* Project object */;
			proxyType = 1;
			remoteGlobalIDString = 8B4A3EE7245C1D5600C56ABD;
			remoteInfo = TestApp;
		};
		8B4A3F0D245C1D5800C56ABD /* PBXContainerItemProxy */ = {
			isa = PBXContainerItemProxy;
			containerPortal = 8B4A3EE0245C1D5600C56ABD /* Project object */;
			proxyType = 1;
			remoteGlobalIDString = 8B4A3EE7245C1D5600C56ABD;
			remoteInfo = TestApp;
		};
/* End PBXContainerItemProxy section */

/* Begin PBXFileReference section */
		10DF65B7BE4C95EB940AB492 /* Pods_TestAppTests.framework */ = {isa = PBXFileReference; explicitFileType = wrapper.framework; includeInIndex = 0; path = Pods_TestAppTests.framework; sourceTree = BUILT_PRODUCTS_DIR; };
		15B21BF072EC45B1E2EFC00A /* Pods-TestAppTests.release.xcconfig */ = {isa = PBXFileReference; includeInIndex = 1; lastKnownFileType = text.xcconfig; name = "Pods-TestAppTests.release.xcconfig"; path = "Target Support Files/Pods-TestAppTests/Pods-TestAppTests.release.xcconfig"; sourceTree = "<group>"; };
		27AA511C6A38CE4973B2D5FE /* Pods-TestApp.release.xcconfig */ = {isa = PBXFileReference; includeInIndex = 1; lastKnownFileType = text.xcconfig; name = "Pods-TestApp.release.xcconfig"; path = "Target Support Files/Pods-TestApp/Pods-TestApp.release.xcconfig"; sourceTree = "<group>"; };
		3D3F3FC5E19FF62C4B8F3CE5 /* Pods-TestAppTests.debug.xcconfig */ = {isa = PBXFileReference; includeInIndex = 1; lastKnownFileType = text.xcconfig; name = "Pods-TestAppTests.debug.xcconfig"; path = "Target Support Files/Pods-TestAppTests/Pods-TestAppTests.debug.xcconfig"; sourceTree = "<group>"; };
		5D36BB5C92B5DCE0E912F41B /* Pods-TestApp.debug.xcconfig */ = {isa = PBXFileReference; includeInIndex = 1; lastKnownFileType = text.xcconfig; name = "Pods-TestApp.debug.xcconfig"; path = "Target Support Files/Pods-TestApp/Pods-TestApp.debug.xcconfig"; sourceTree = "<group>"; };
		6E74D3075A3557CDE5F5F68A /* Pods-TestApp-TestAppUITests.release.xcconfig */ = {isa = PBXFileReference; includeInIndex = 1; lastKnownFileType = text.xcconfig; name = "Pods-TestApp-TestAppUITests.release.xcconfig"; path = "Target Support Files/Pods-TestApp-TestAppUITests/Pods-TestApp-TestAppUITests.release.xcconfig"; sourceTree = "<group>"; };
		70690A408507C1AF3089E9C1 /* Pods-TestApp-TestAppUITests.debug.xcconfig */ = {isa = PBXFileReference; includeInIndex = 1; lastKnownFileType = text.xcconfig; name = "Pods-TestApp-TestAppUITests.debug.xcconfig"; path = "Target Support Files/Pods-TestApp-TestAppUITests/Pods-TestApp-TestAppUITests.debug.xcconfig"; sourceTree = "<group>"; };
		78EF31B0C004F86B41F4E655 /* Pods_TestApp.framework */ = {isa = PBXFileReference; explicitFileType = wrapper.framework; includeInIndex = 0; path = Pods_TestApp.framework; sourceTree = BUILT_PRODUCTS_DIR; };
		8B4A3EE8245C1D5600C56ABD /* TestApp.app */ = {isa = PBXFileReference; explicitFileType = wrapper.application; includeInIndex = 0; path = TestApp.app; sourceTree = BUILT_PRODUCTS_DIR; };
		8B4A3EEB245C1D5600C56ABD /* AppDelegate.swift */ = {isa = PBXFileReference; lastKnownFileType = sourcecode.swift; path = AppDelegate.swift; sourceTree = "<group>"; };
		8B4A3EED245C1D5600C56ABD /* SceneDelegate.swift */ = {isa = PBXFileReference; lastKnownFileType = sourcecode.swift; path = SceneDelegate.swift; sourceTree = "<group>"; };
		8B4A3EEF245C1D5600C56ABD /* ViewController.swift */ = {isa = PBXFileReference; lastKnownFileType = sourcecode.swift; path = ViewController.swift; sourceTree = "<group>"; };
		8B4A3EF2245C1D5600C56ABD /* Base */ = {isa = PBXFileReference; lastKnownFileType = file.storyboard; name = Base; path = Base.lproj/Main.storyboard; sourceTree = "<group>"; };
		8B4A3EF5245C1D5600C56ABD /* TestApp.xcdatamodel */ = {isa = PBXFileReference; lastKnownFileType = wrapper.xcdatamodel; path = TestApp.xcdatamodel; sourceTree = "<group>"; };
		8B4A3EF7245C1D5800C56ABD /* Assets.xcassets */ = {isa = PBXFileReference; lastKnownFileType = folder.assetcatalog; path = Assets.xcassets; sourceTree = "<group>"; };
		8B4A3EFA245C1D5800C56ABD /* Base */ = {isa = PBXFileReference; lastKnownFileType = file.storyboard; name = Base; path = Base.lproj/LaunchScreen.storyboard; sourceTree = "<group>"; };
		8B4A3EFC245C1D5800C56ABD /* Info.plist */ = {isa = PBXFileReference; lastKnownFileType = text.plist.xml; path = Info.plist; sourceTree = "<group>"; };
		8B4A3F01245C1D5800C56ABD /* TestAppTests.xctest */ = {isa = PBXFileReference; explicitFileType = wrapper.cfbundle; includeInIndex = 0; path = TestAppTests.xctest; sourceTree = BUILT_PRODUCTS_DIR; };
		8B4A3F05245C1D5800C56ABD /* TestAppTests.swift */ = {isa = PBXFileReference; lastKnownFileType = sourcecode.swift; path = TestAppTests.swift; sourceTree = "<group>"; };
		8B4A3F07245C1D5800C56ABD /* Info.plist */ = {isa = PBXFileReference; lastKnownFileType = text.plist.xml; path = Info.plist; sourceTree = "<group>"; };
		8B4A3F0C245C1D5800C56ABD /* TestAppUITests.xctest */ = {isa = PBXFileReference; explicitFileType = wrapper.cfbundle; includeInIndex = 0; path = TestAppUITests.xctest; sourceTree = BUILT_PRODUCTS_DIR; };
		8B4A3F10245C1D5800C56ABD /* TestAppUITests.swift */ = {isa = PBXFileReference; lastKnownFileType = sourcecode.swift; path = TestAppUITests.swift; sourceTree = "<group>"; };
		8B4A3F12245C1D5800C56ABD /* Info.plist */ = {isa = PBXFileReference; lastKnownFileType = text.plist.xml; path = Info.plist; sourceTree = "<group>"; };
		8B4A3F20245C1D9500C56ABD /* AppHttp.swift */ = {isa = PBXFileReference; lastKnownFileType = sourcecode.swift; path = AppHttp.swift; sourceTree = "<group>"; };
		8B4A3F22245C1DB000C56ABD /* Issues.swift */ = {isa = PBXFileReference; fileEncoding = 4; lastKnownFileType = sourcecode.swift; path = Issues.swift; sourceTree = "<group>"; };
		8B9DB5CA245C1F0100770292 /* UserCellTableViewCell.swift */ = {isa = PBXFileReference; lastKnownFileType = sourcecode.swift; path = UserCellTableViewCell.swift; sourceTree = "<group>"; };
		B5E4F4EF751EA426A3CD633D /* Pods_TestApp_TestAppUITests.framework */ = {isa = PBXFileReference; explicitFileType = wrapper.framework; includeInIndex = 0; path = Pods_TestApp_TestAppUITests.framework; sourceTree = BUILT_PRODUCTS_DIR; };
/* End PBXFileReference section */

/* Begin PBXFrameworksBuildPhase section */
		8B4A3EE5245C1D5600C56ABD /* Frameworks */ = {
			isa = PBXFrameworksBuildPhase;
			buildActionMask = 2147483647;
			files = (
				AFDCA886E96358A5D1032F3C /* Pods_TestApp.framework in Frameworks */,
			);
			runOnlyForDeploymentPostprocessing = 0;
		};
		8B4A3EFE245C1D5800C56ABD /* Frameworks */ = {
			isa = PBXFrameworksBuildPhase;
			buildActionMask = 2147483647;
			files = (
				E3EF861A0963DC89E0D565DF /* Pods_TestAppTests.framework in Frameworks */,
			);
			runOnlyForDeploymentPostprocessing = 0;
		};
		8B4A3F09245C1D5800C56ABD /* Frameworks */ = {
			isa = PBXFrameworksBuildPhase;
			buildActionMask = 2147483647;
			files = (
				2400D20918F6A0268D25424C /* Pods_TestApp_TestAppUITests.framework in Frameworks */,
			);
			runOnlyForDeploymentPostprocessing = 0;
		};
/* End PBXFrameworksBuildPhase section */

/* Begin PBXGroup section */
		371D86FF404F1903E8C2A732 /* Pods */ = {
			isa = PBXGroup;
			children = (
				5D36BB5C92B5DCE0E912F41B /* Pods-TestApp.debug.xcconfig */,
				27AA511C6A38CE4973B2D5FE /* Pods-TestApp.release.xcconfig */,
				70690A408507C1AF3089E9C1 /* Pods-TestApp-TestAppUITests.debug.xcconfig */,
				6E74D3075A3557CDE5F5F68A /* Pods-TestApp-TestAppUITests.release.xcconfig */,
				3D3F3FC5E19FF62C4B8F3CE5 /* Pods-TestAppTests.debug.xcconfig */,
				15B21BF072EC45B1E2EFC00A /* Pods-TestAppTests.release.xcconfig */,
			);
			path = Pods;
			sourceTree = "<group>";
		};
		6405A9995FC36A1B61EE25F8 /* Frameworks */ = {
			isa = PBXGroup;
			children = (
				78EF31B0C004F86B41F4E655 /* Pods_TestApp.framework */,
				B5E4F4EF751EA426A3CD633D /* Pods_TestApp_TestAppUITests.framework */,
				10DF65B7BE4C95EB940AB492 /* Pods_TestAppTests.framework */,
			);
			name = Frameworks;
			sourceTree = "<group>";
		};
		8B4A3EDF245C1D5600C56ABD = {
			isa = PBXGroup;
			children = (
				8B4A3EEA245C1D5600C56ABD /* TestApp */,
				8B4A3F04245C1D5800C56ABD /* TestAppTests */,
				8B4A3F0F245C1D5800C56ABD /* TestAppUITests */,
				8B4A3EE9245C1D5600C56ABD /* Products */,
				371D86FF404F1903E8C2A732 /* Pods */,
				6405A9995FC36A1B61EE25F8 /* Frameworks */,
			);
			sourceTree = "<group>";
		};
		8B4A3EE9245C1D5600C56ABD /* Products */ = {
			isa = PBXGroup;
			children = (
				8B4A3EE8245C1D5600C56ABD /* TestApp.app */,
				8B4A3F01245C1D5800C56ABD /* TestAppTests.xctest */,
				8B4A3F0C245C1D5800C56ABD /* TestAppUITests.xctest */,
			);
			name = Products;
			sourceTree = "<group>";
		};
		8B4A3EEA245C1D5600C56ABD /* TestApp */ = {
			isa = PBXGroup;
			children = (
				8B4A3EEB245C1D5600C56ABD /* AppDelegate.swift */,
				8B4A3EED245C1D5600C56ABD /* SceneDelegate.swift */,
				8B4A3EEF245C1D5600C56ABD /* ViewController.swift */,
				8B9DB5CA245C1F0100770292 /* UserCellTableViewCell.swift */,
				8B4A3F22245C1DB000C56ABD /* Issues.swift */,
				8B4A3F20245C1D9500C56ABD /* AppHttp.swift */,
				8B4A3EF1245C1D5600C56ABD /* Main.storyboard */,
				8B4A3EF7245C1D5800C56ABD /* Assets.xcassets */,
				8B4A3EF9245C1D5800C56ABD /* LaunchScreen.storyboard */,
				8B4A3EFC245C1D5800C56ABD /* Info.plist */,
				8B4A3EF4245C1D5600C56ABD /* TestApp.xcdatamodeld */,
			);
			path = TestApp;
			sourceTree = "<group>";
		};
		8B4A3F04245C1D5800C56ABD /* TestAppTests */ = {
			isa = PBXGroup;
			children = (
				8B4A3F05245C1D5800C56ABD /* TestAppTests.swift */,
				8B4A3F07245C1D5800C56ABD /* Info.plist */,
			);
			path = TestAppTests;
			sourceTree = "<group>";
		};
		8B4A3F0F245C1D5800C56ABD /* TestAppUITests */ = {
			isa = PBXGroup;
			children = (
				8B4A3F10245C1D5800C56ABD /* TestAppUITests.swift */,
				8B4A3F12245C1D5800C56ABD /* Info.plist */,
			);
			path = TestAppUITests;
			sourceTree = "<group>";
		};
/* End PBXGroup section */

/* Begin PBXNativeTarget section */
		8B4A3EE7245C1D5600C56ABD /* TestApp */ = {
			isa = PBXNativeTarget;
			buildConfigurationList = 8B4A3F15245C1D5800C56ABD /* Build configuration list for PBXNativeTarget "TestApp" */;
			buildPhases = (
				47ED971E9C6D86BD557F0233 /* [CP] Check Pods Manifest.lock */,
				8B4A3EE4245C1D5600C56ABD /* Sources */,
				8B4A3EE5245C1D5600C56ABD /* Frameworks */,
				8B4A3EE6245C1D5600C56ABD /* Resources */,
				15555EB9B661F096CBBBBEBE /* [CP] Embed Pods Frameworks */,
			);
			buildRules = (
			);
			dependencies = (
			);
			name = TestApp;
			productName = TestApp;
			productReference = 8B4A3EE8245C1D5600C56ABD /* TestApp.app */;
			productType = "com.apple.product-type.application";
		};
		8B4A3F00245C1D5800C56ABD /* TestAppTests */ = {
			isa = PBXNativeTarget;
			buildConfigurationList = 8B4A3F18245C1D5800C56ABD /* Build configuration list for PBXNativeTarget "TestAppTests" */;
			buildPhases = (
				7DFF6D806C12BB7665AFB251 /* [CP] Check Pods Manifest.lock */,
				8B4A3EFD245C1D5800C56ABD /* Sources */,
				8B4A3EFE245C1D5800C56ABD /* Frameworks */,
				8B4A3EFF245C1D5800C56ABD /* Resources */,
			);
			buildRules = (
			);
			dependencies = (
				8B4A3F03245C1D5800C56ABD /* PBXTargetDependency */,
			);
			name = TestAppTests;
			productName = TestAppTests;
			productReference = 8B4A3F01245C1D5800C56ABD /* TestAppTests.xctest */;
			productType = "com.apple.product-type.bundle.unit-test";
		};
		8B4A3F0B245C1D5800C56ABD /* TestAppUITests */ = {
			isa = PBXNativeTarget;
			buildConfigurationList = 8B4A3F1B245C1D5800C56ABD /* Build configuration list for PBXNativeTarget "TestAppUITests" */;
			buildPhases = (
				97EB9F2B76F8DB1C9EDB7311 /* [CP] Check Pods Manifest.lock */,
				8B4A3F08245C1D5800C56ABD /* Sources */,
				8B4A3F09245C1D5800C56ABD /* Frameworks */,
				8B4A3F0A245C1D5800C56ABD /* Resources */,
				E948BD9E4B74F2153F27A279 /* [CP] Embed Pods Frameworks */,
			);
			buildRules = (
			);
			dependencies = (
				8B4A3F0E245C1D5800C56ABD /* PBXTargetDependency */,
			);
			name = TestAppUITests;
			productName = TestAppUITests;
			productReference = 8B4A3F0C245C1D5800C56ABD /* TestAppUITests.xctest */;
			productType = "com.apple.product-type.bundle.ui-testing";
		};
/* End PBXNativeTarget section */

/* Begin PBXProject section */
		8B4A3EE0245C1D5600C56ABD /* Project object */ = {
			isa = PBXProject;
			attributes = {
				LastSwiftUpdateCheck = 1140;
				LastUpgradeCheck = 1140;
				ORGANIZATIONNAME = NirWorld;
				TargetAttributes = {
					8B4A3EE7245C1D5600C56ABD = {
						CreatedOnToolsVersion = 11.4.1;
					};
					8B4A3F00245C1D5800C56ABD = {
						CreatedOnToolsVersion = 11.4.1;
						TestTargetID = 8B4A3EE7245C1D5600C56ABD;
					};
					8B4A3F0B245C1D5800C56ABD = {
						CreatedOnToolsVersion = 11.4.1;
						TestTargetID = 8B4A3EE7245C1D5600C56ABD;
					};
				};
			};
			buildConfigurationList = 8B4A3EE3245C1D5600C56ABD /* Build configuration list for PBXProject "TestApp" */;
			compatibilityVersion = "Xcode 9.3";
			developmentRegion = en;
			hasScannedForEncodings = 0;
			knownRegions = (
				en,
				Base,
			);
			mainGroup = 8B4A3EDF245C1D5600C56ABD;
			productRefGroup = 8B4A3EE9245C1D5600C56ABD /* Products */;
			projectDirPath = "";
			projectRoot = "";
			targets = (
				8B4A3EE7245C1D5600C56ABD /* TestApp */,
				8B4A3F00245C1D5800C56ABD /* TestAppTests */,
				8B4A3F0B245C1D5800C56ABD /* TestAppUITests */,
			);
		};
/* End PBXProject section */

/* Begin PBXResourcesBuildPhase section */
		8B4A3EE6245C1D5600C56ABD /* Resources */ = {
			isa = PBXResourcesBuildPhase;
			buildActionMask = 2147483647;
			files = (
				8B4A3EFB245C1D5800C56ABD /* LaunchScreen.storyboard in Resources */,
				8B4A3EF8245C1D5800C56ABD /* Assets.xcassets in Resources */,
				8B4A3EF3245C1D5600C56ABD /* Main.storyboard in Resources */,
			);
			runOnlyForDeploymentPostprocessing = 0;
		};
		8B4A3EFF245C1D5800C56ABD /* Resources */ = {
			isa = PBXResourcesBuildPhase;
			buildActionMask = 2147483647;
			files = (
			);
			runOnlyForDeploymentPostprocessing = 0;
		};
		8B4A3F0A245C1D5800C56ABD /* Resources */ = {
			isa = PBXResourcesBuildPhase;
			buildActionMask = 2147483647;
			files = (
			);
			runOnlyForDeploymentPostprocessing = 0;
		};
/* End PBXResourcesBuildPhase section */

/* Begin PBXShellScriptBuildPhase section */
		15555EB9B661F096CBBBBEBE /* [CP] Embed Pods Frameworks */ = {
			isa = PBXShellScriptBuildPhase;
			buildActionMask = 2147483647;
			files = (
			);
			inputFileListPaths = (
				"${PODS_ROOT}/Target Support Files/Pods-TestApp/Pods-TestApp-frameworks-${CONFIGURATION}-input-files.xcfilelist",
			);
			name = "[CP] Embed Pods Frameworks";
			outputFileListPaths = (
				"${PODS_ROOT}/Target Support Files/Pods-TestApp/Pods-TestApp-frameworks-${CONFIGURATION}-output-files.xcfilelist",
			);
			runOnlyForDeploymentPostprocessing = 0;
			shellPath = /bin/sh;
			shellScript = "\"${PODS_ROOT}/Target Support Files/Pods-TestApp/Pods-TestApp-frameworks.sh\"\n";
			showEnvVarsInLog = 0;
		};
		47ED971E9C6D86BD557F0233 /* [CP] Check Pods Manifest.lock */ = {
			isa = PBXShellScriptBuildPhase;
			buildActionMask = 2147483647;
			files = (
			);
			inputFileListPaths = (
			);
			inputPaths = (
				"${PODS_PODFILE_DIR_PATH}/Podfile.lock",
				"${PODS_ROOT}/Manifest.lock",
			);
			name = "[CP] Check Pods Manifest.lock";
			outputFileListPaths = (
			);
			outputPaths = (
				"$(DERIVED_FILE_DIR)/Pods-TestApp-checkManifestLockResult.txt",
			);
			runOnlyForDeploymentPostprocessing = 0;
			shellPath = /bin/sh;
			shellScript = "diff \"${PODS_PODFILE_DIR_PATH}/Podfile.lock\" \"${PODS_ROOT}/Manifest.lock\" > /dev/null\nif [ $? != 0 ] ; then\n    # print error to STDERR\n    echo \"error: The sandbox is not in sync with the Podfile.lock. Run 'pod install' or update your CocoaPods installation.\" >&2\n    exit 1\nfi\n# This output is used by Xcode 'outputs' to avoid re-running this script phase.\necho \"SUCCESS\" > \"${SCRIPT_OUTPUT_FILE_0}\"\n";
			showEnvVarsInLog = 0;
		};
		7DFF6D806C12BB7665AFB251 /* [CP] Check Pods Manifest.lock */ = {
			isa = PBXShellScriptBuildPhase;
			buildActionMask = 2147483647;
			files = (
			);
			inputFileListPaths = (
			);
			inputPaths = (
				"${PODS_PODFILE_DIR_PATH}/Podfile.lock",
				"${PODS_ROOT}/Manifest.lock",
			);
			name = "[CP] Check Pods Manifest.lock";
			outputFileListPaths = (
			);
			outputPaths = (
				"$(DERIVED_FILE_DIR)/Pods-TestAppTests-checkManifestLockResult.txt",
			);
			runOnlyForDeploymentPostprocessing = 0;
			shellPath = /bin/sh;
			shellScript = "diff \"${PODS_PODFILE_DIR_PATH}/Podfile.lock\" \"${PODS_ROOT}/Manifest.lock\" > /dev/null\nif [ $? != 0 ] ; then\n    # print error to STDERR\n    echo \"error: The sandbox is not in sync with the Podfile.lock. Run 'pod install' or update your CocoaPods installation.\" >&2\n    exit 1\nfi\n# This output is used by Xcode 'outputs' to avoid re-running this script phase.\necho \"SUCCESS\" > \"${SCRIPT_OUTPUT_FILE_0}\"\n";
			showEnvVarsInLog = 0;
		};
		97EB9F2B76F8DB1C9EDB7311 /* [CP] Check Pods Manifest.lock */ = {
			isa = PBXShellScriptBuildPhase;
			buildActionMask = 2147483647;
			files = (
			);
			inputFileListPaths = (
			);
			inputPaths = (
				"${PODS_PODFILE_DIR_PATH}/Podfile.lock",
				"${PODS_ROOT}/Manifest.lock",
			);
			name = "[CP] Check Pods Manifest.lock";
			outputFileListPaths = (
			);
			outputPaths = (
				"$(DERIVED_FILE_DIR)/Pods-TestApp-TestAppUITests-checkManifestLockResult.txt",
			);
			runOnlyForDeploymentPostprocessing = 0;
			shellPath = /bin/sh;
			shellScript = "diff \"${PODS_PODFILE_DIR_PATH}/Podfile.lock\" \"${PODS_ROOT}/Manifest.lock\" > /dev/null\nif [ $? != 0 ] ; then\n    # print error to STDERR\n    echo \"error: The sandbox is not in sync with the Podfile.lock. Run 'pod install' or update your CocoaPods installation.\" >&2\n    exit 1\nfi\n# This output is used by Xcode 'outputs' to avoid re-running this script phase.\necho \"SUCCESS\" > \"${SCRIPT_OUTPUT_FILE_0}\"\n";
			showEnvVarsInLog = 0;
		};
		E948BD9E4B74F2153F27A279 /* [CP] Embed Pods Frameworks */ = {
			isa = PBXShellScriptBuildPhase;
			buildActionMask = 2147483647;
			files = (
			);
			inputFileListPaths = (
				"${PODS_ROOT}/Target Support Files/Pods-TestApp-TestAppUITests/Pods-TestApp-TestAppUITests-frameworks-${CONFIGURATION}-input-files.xcfilelist",
			);
			name = "[CP] Embed Pods Frameworks";
			outputFileListPaths = (
				"${PODS_ROOT}/Target Support Files/Pods-TestApp-TestAppUITests/Pods-TestApp-TestAppUITests-frameworks-${CONFIGURATION}-output-files.xcfilelist",
			);
			runOnlyForDeploymentPostprocessing = 0;
			shellPath = /bin/sh;
			shellScript = "\"${PODS_ROOT}/Target Support Files/Pods-TestApp-TestAppUITests/Pods-TestApp-TestAppUITests-frameworks.sh\"\n";
			showEnvVarsInLog = 0;
		};
/* End PBXShellScriptBuildPhase section */

/* Begin PBXSourcesBuildPhase section */
		8B4A3EE4245C1D5600C56ABD /* Sources */ = {
			isa = PBXSourcesBuildPhase;
			buildActionMask = 2147483647;
			files = (
				8B4A3EF0245C1D5600C56ABD /* ViewController.swift in Sources */,
				8B4A3EF6245C1D5600C56ABD /* TestApp.xcdatamodeld in Sources */,
				8B4A3EEC245C1D5600C56ABD /* AppDelegate.swift in Sources */,
				8B4A3F21245C1D9500C56ABD /* AppHttp.swift in Sources */,
				8B9DB5CB245C1F0100770292 /* UserCellTableViewCell.swift in Sources */,
				8B4A3EEE245C1D5600C56ABD /* SceneDelegate.swift in Sources */,
				8B4A3F23245C1DB000C56ABD /* Issues.swift in Sources */,
			);
			runOnlyForDeploymentPostprocessing = 0;
		};
		8B4A3EFD245C1D5800C56ABD /* Sources */ = {
			isa = PBXSourcesBuildPhase;
			buildActionMask = 2147483647;
			files = (
				8B4A3F06245C1D5800C56ABD /* TestAppTests.swift in Sources */,
			);
			runOnlyForDeploymentPostprocessing = 0;
		};
		8B4A3F08245C1D5800C56ABD /* Sources */ = {
			isa = PBXSourcesBuildPhase;
			buildActionMask = 2147483647;
			files = (
				8B4A3F11245C1D5800C56ABD /* TestAppUITests.swift in Sources */,
			);
			runOnlyForDeploymentPostprocessing = 0;
		};
/* End PBXSourcesBuildPhase section */

/* Begin PBXTargetDependency section */
		8B4A3F03245C1D5800C56ABD /* PBXTargetDependency */ = {
			isa = PBXTargetDependency;
			target = 8B4A3EE7245C1D5600C56ABD /* TestApp */;
			targetProxy = 8B4A3F02245C1D5800C56ABD /* PBXContainerItemProxy */;
		};
		8B4A3F0E245C1D5800C56ABD /* PBXTargetDependency */ = {
			isa = PBXTargetDependency;
			target = 8B4A3EE7245C1D5600C56ABD /* TestApp */;
			targetProxy = 8B4A3F0D245C1D5800C56ABD /* PBXContainerItemProxy */;
		};
/* End PBXTargetDependency section */

/* Begin PBXVariantGroup section */
		8B4A3EF1245C1D5600C56ABD /* Main.storyboard */ = {
			isa = PBXVariantGroup;
			children = (
				8B4A3EF2245C1D5600C56ABD /* Base */,
			);
			name = Main.storyboard;
			sourceTree = "<group>";
		};
		8B4A3EF9245C1D5800C56ABD /* LaunchScreen.storyboard */ = {
			isa = PBXVariantGroup;
			children = (
				8B4A3EFA245C1D5800C56ABD /* Base */,
			);
			name = LaunchScreen.storyboard;
			sourceTree = "<group>";
		};
/* End PBXVariantGroup section */

/* Begin XCBuildConfiguration section */
		8B4A3F13245C1D5800C56ABD /* Debug */ = {
			isa = XCBuildConfiguration;
			buildSettings = {
				ALWAYS_SEARCH_USER_PATHS = NO;
				CLANG_ANALYZER_NONNULL = YES;
				CLANG_ANALYZER_NUMBER_OBJECT_CONVERSION = YES_AGGRESSIVE;
				CLANG_CXX_LANGUAGE_STANDARD = "gnu++14";
				CLANG_CXX_LIBRARY = "libc++";
				CLANG_ENABLE_MODULES = YES;
				CLANG_ENABLE_OBJC_ARC = YES;
				CLANG_ENABLE_OBJC_WEAK = YES;
				CLANG_WARN_BLOCK_CAPTURE_AUTORELEASING = YES;
				CLANG_WARN_BOOL_CONVERSION = YES;
				CLANG_WARN_COMMA = YES;
				CLANG_WARN_CONSTANT_CONVERSION = YES;
				CLANG_WARN_DEPRECATED_OBJC_IMPLEMENTATIONS = YES;
				CLANG_WARN_DIRECT_OBJC_ISA_USAGE = YES_ERROR;
				CLANG_WARN_DOCUMENTATION_COMMENTS = YES;
				CLANG_WARN_EMPTY_BODY = YES;
				CLANG_WARN_ENUM_CONVERSION = YES;
				CLANG_WARN_INFINITE_RECURSION = YES;
				CLANG_WARN_INT_CONVERSION = YES;
				CLANG_WARN_NON_LITERAL_NULL_CONVERSION = YES;
				CLANG_WARN_OBJC_IMPLICIT_RETAIN_SELF = YES;
				CLANG_WARN_OBJC_LITERAL_CONVERSION = YES;
				CLANG_WARN_OBJC_ROOT_CLASS = YES_ERROR;
				CLANG_WARN_RANGE_LOOP_ANALYSIS = YES;
				CLANG_WARN_STRICT_PROTOTYPES = YES;
				CLANG_WARN_SUSPICIOUS_MOVE = YES;
				CLANG_WARN_UNGUARDED_AVAILABILITY = YES_AGGRESSIVE;
				CLANG_WARN_UNREACHABLE_CODE = YES;
				CLANG_WARN__DUPLICATE_METHOD_MATCH = YES;
				COPY_PHASE_STRIP = NO;
				DEBUG_INFORMATION_FORMAT = dwarf;
				ENABLE_STRICT_OBJC_MSGSEND = YES;
				ENABLE_TESTABILITY = YES;
				GCC_C_LANGUAGE_STANDARD = gnu11;
				GCC_DYNAMIC_NO_PIC = NO;
				GCC_NO_COMMON_BLOCKS = YES;
				GCC_OPTIMIZATION_LEVEL = 0;
				GCC_PREPROCESSOR_DEFINITIONS = (
					"DEBUG=1",
					"$(inherited)",
				);
				GCC_WARN_64_TO_32_BIT_CONVERSION = YES;
				GCC_WARN_ABOUT_RETURN_TYPE = YES_ERROR;
				GCC_WARN_UNDECLARED_SELECTOR = YES;
				GCC_WARN_UNINITIALIZED_AUTOS = YES_AGGRESSIVE;
				GCC_WARN_UNUSED_FUNCTION = YES;
				GCC_WARN_UNUSED_VARIABLE = YES;
				IPHONEOS_DEPLOYMENT_TARGET = 13.4;
				MTL_ENABLE_DEBUG_INFO = INCLUDE_SOURCE;
				MTL_FAST_MATH = YES;
				ONLY_ACTIVE_ARCH = YES;
				SDKROOT = iphoneos;
				SWIFT_ACTIVE_COMPILATION_CONDITIONS = DEBUG;
				SWIFT_OPTIMIZATION_LEVEL = "-Onone";
			};
			name = Debug;
		};
		8B4A3F14245C1D5800C56ABD /* Release */ = {
			isa = XCBuildConfiguration;
			buildSettings = {
				ALWAYS_SEARCH_USER_PATHS = NO;
				CLANG_ANALYZER_NONNULL = YES;
				CLANG_ANALYZER_NUMBER_OBJECT_CONVERSION = YES_AGGRESSIVE;
				CLANG_CXX_LANGUAGE_STANDARD = "gnu++14";
				CLANG_CXX_LIBRARY = "libc++";
				CLANG_ENABLE_MODULES = YES;
				CLANG_ENABLE_OBJC_ARC = YES;
				CLANG_ENABLE_OBJC_WEAK = YES;
				CLANG_WARN_BLOCK_CAPTURE_AUTORELEASING = YES;
				CLANG_WARN_BOOL_CONVERSION = YES;
				CLANG_WARN_COMMA = YES;
				CLANG_WARN_CONSTANT_CONVERSION = YES;
				CLANG_WARN_DEPRECATED_OBJC_IMPLEMENTATIONS = YES;
				CLANG_WARN_DIRECT_OBJC_ISA_USAGE = YES_ERROR;
				CLANG_WARN_DOCUMENTATION_COMMENTS = YES;
				CLANG_WARN_EMPTY_BODY = YES;
				CLANG_WARN_ENUM_CONVERSION = YES;
				CLANG_WARN_INFINITE_RECURSION = YES;
				CLANG_WARN_INT_CONVERSION = YES;
				CLANG_WARN_NON_LITERAL_NULL_CONVERSION = YES;
				CLANG_WARN_OBJC_IMPLICIT_RETAIN_SELF = YES;
				CLANG_WARN_OBJC_LITERAL_CONVERSION = YES;
				CLANG_WARN_OBJC_ROOT_CLASS = YES_ERROR;
				CLANG_WARN_RANGE_LOOP_ANALYSIS = YES;
				CLANG_WARN_STRICT_PROTOTYPES = YES;
				CLANG_WARN_SUSPICIOUS_MOVE = YES;
				CLANG_WARN_UNGUARDED_AVAILABILITY = YES_AGGRESSIVE;
				CLANG_WARN_UNREACHABLE_CODE = YES;
				CLANG_WARN__DUPLICATE_METHOD_MATCH = YES;
				COPY_PHASE_STRIP = NO;
				DEBUG_INFORMATION_FORMAT = "dwarf-with-dsym";
				ENABLE_NS_ASSERTIONS = NO;
				ENABLE_STRICT_OBJC_MSGSEND = YES;
				GCC_C_LANGUAGE_STANDARD = gnu11;
				GCC_NO_COMMON_BLOCKS = YES;
				GCC_WARN_64_TO_32_BIT_CONVERSION = YES;
				GCC_WARN_ABOUT_RETURN_TYPE = YES_ERROR;
				GCC_WARN_UNDECLARED_SELECTOR = YES;
				GCC_WARN_UNINITIALIZED_AUTOS = YES_AGGRESSIVE;
				GCC_WARN_UNUSED_FUNCTION = YES;
				GCC_WARN_UNUSED_VARIABLE = YES;
				IPHONEOS_DEPLOYMENT_TARGET = 13.4;
				MTL_ENABLE_DEBUG_INFO = NO;
				MTL_FAST_MATH = YES;
				SDKROOT = iphoneos;
				SWIFT_COMPILATION_MODE = wholemodule;
				SWIFT_OPTIMIZATION_LEVEL = "-O";
				VALIDATE_PRODUCT = YES;
			};
			name = Release;
		};
		8B4A3F16245C1D5800C56ABD /* Debug */ = {
			isa = XCBuildConfiguration;
			baseConfigurationReference = 5D36BB5C92B5DCE0E912F41B /* Pods-TestApp.debug.xcconfig */;
			buildSettings = {
				ASSETCATALOG_COMPILER_APPICON_NAME = AppIcon;
				CODE_SIGN_STYLE = Automatic;
				INFOPLIST_FILE = TestApp/Info.plist;
				LD_RUNPATH_SEARCH_PATHS = (
					"$(inherited)",
					"@executable_path/Frameworks",
				);
				PRODUCT_BUNDLE_IDENTIFIER = com.nirworld.TestApp;
				PRODUCT_NAME = "$(TARGET_NAME)";
				SWIFT_VERSION = 5.0;
				TARGETED_DEVICE_FAMILY = "1,2";
			};
			name = Debug;
		};
		8B4A3F17245C1D5800C56ABD /* Release */ = {
			isa = XCBuildConfiguration;
			baseConfigurationReference = 27AA511C6A38CE4973B2D5FE /* Pods-TestApp.release.xcconfig */;
			buildSettings = {
				ASSETCATALOG_COMPILER_APPICON_NAME = AppIcon;
				CODE_SIGN_STYLE = Automatic;
				INFOPLIST_FILE = TestApp/Info.plist;
				LD_RUNPATH_SEARCH_PATHS = (
					"$(inherited)",
					"@executable_path/Frameworks",
				);
				PRODUCT_BUNDLE_IDENTIFIER = com.nirworld.TestApp;
				PRODUCT_NAME = "$(TARGET_NAME)";
				SWIFT_VERSION = 5.0;
				TARGETED_DEVICE_FAMILY = "1,2";
			};
			name = Release;
		};
		8B4A3F19245C1D5800C56ABD /* Debug */ = {
			isa = XCBuildConfiguration;
			baseConfigurationReference = 3D3F3FC5E19FF62C4B8F3CE5 /* Pods-TestAppTests.debug.xcconfig */;
			buildSettings = {
				ALWAYS_EMBED_SWIFT_STANDARD_LIBRARIES = YES;
				BUNDLE_LOADER = "$(TEST_HOST)";
				CODE_SIGN_STYLE = Automatic;
				INFOPLIST_FILE = TestAppTests/Info.plist;
				IPHONEOS_DEPLOYMENT_TARGET = 13.4;
				LD_RUNPATH_SEARCH_PATHS = (
					"$(inherited)",
					"@executable_path/Frameworks",
					"@loader_path/Frameworks",
				);
				PRODUCT_BUNDLE_IDENTIFIER = com.nirworld.TestAppTests;
				PRODUCT_NAME = "$(TARGET_NAME)";
				SWIFT_VERSION = 5.0;
				TARGETED_DEVICE_FAMILY = "1,2";
				TEST_HOST = "$(BUILT_PRODUCTS_DIR)/TestApp.app/TestApp";
			};
			name = Debug;
		};
		8B4A3F1A245C1D5800C56ABD /* Release */ = {
			isa = XCBuildConfiguration;
			baseConfigurationReference = 15B21BF072EC45B1E2EFC00A /* Pods-TestAppTests.release.xcconfig */;
			buildSettings = {
				ALWAYS_EMBED_SWIFT_STANDARD_LIBRARIES = YES;
				BUNDLE_LOADER = "$(TEST_HOST)";
				CODE_SIGN_STYLE = Automatic;
				INFOPLIST_FILE = TestAppTests/Info.plist;
				IPHONEOS_DEPLOYMENT_TARGET = 13.4;
				LD_RUNPATH_SEARCH_PATHS = (
					"$(inherited)",
					"@executable_path/Frameworks",
					"@loader_path/Frameworks",
				);
				PRODUCT_BUNDLE_IDENTIFIER = com.nirworld.TestAppTests;
				PRODUCT_NAME = "$(TARGET_NAME)";
				SWIFT_VERSION = 5.0;
				TARGETED_DEVICE_FAMILY = "1,2";
				TEST_HOST = "$(BUILT_PRODUCTS_DIR)/TestApp.app/TestApp";
			};
			name = Release;
		};
		8B4A3F1C245C1D5800C56ABD /* Debug */ = {
			isa = XCBuildConfiguration;
			baseConfigurationReference = 70690A408507C1AF3089E9C1 /* Pods-TestApp-TestAppUITests.debug.xcconfig */;
			buildSettings = {
				ALWAYS_EMBED_SWIFT_STANDARD_LIBRARIES = YES;
				CODE_SIGN_STYLE = Automatic;
				INFOPLIST_FILE = TestAppUITests/Info.plist;
				LD_RUNPATH_SEARCH_PATHS = (
					"$(inherited)",
					"@executable_path/Frameworks",
					"@loader_path/Frameworks",
				);
				PRODUCT_BUNDLE_IDENTIFIER = com.nirworld.TestAppUITests;
				PRODUCT_NAME = "$(TARGET_NAME)";
				SWIFT_VERSION = 5.0;
				TARGETED_DEVICE_FAMILY = "1,2";
				TEST_TARGET_NAME = TestApp;
			};
			name = Debug;
		};
		8B4A3F1D245C1D5800C56ABD /* Release */ = {
			isa = XCBuildConfiguration;
			baseConfigurationReference = 6E74D3075A3557CDE5F5F68A /* Pods-TestApp-TestAppUITests.release.xcconfig */;
			buildSettings = {
				ALWAYS_EMBED_SWIFT_STANDARD_LIBRARIES = YES;
				CODE_SIGN_STYLE = Automatic;
				INFOPLIST_FILE = TestAppUITests/Info.plist;
				LD_RUNPATH_SEARCH_PATHS = (
					"$(inherited)",
					"@executable_path/Frameworks",
					"@loader_path/Frameworks",
				);
				PRODUCT_BUNDLE_IDENTIFIER = com.nirworld.TestAppUITests;
				PRODUCT_NAME = "$(TARGET_NAME)";
				SWIFT_VERSION = 5.0;
				TARGETED_DEVICE_FAMILY = "1,2";
				TEST_TARGET_NAME = TestApp;
			};
			name = Release;
		};
/* End XCBuildConfiguration section */

/* Begin XCConfigurationList section */
		8B4A3EE3245C1D5600C56ABD /* Build configuration list for PBXProject "TestApp" */ = {
			isa = XCConfigurationList;
			buildConfigurations = (
				8B4A3F13245C1D5800C56ABD /* Debug */,
				8B4A3F14245C1D5800C56ABD /* Release */,
			);
			defaultConfigurationIsVisible = 0;
			defaultConfigurationName = Release;
		};
		8B4A3F15245C1D5800C56ABD /* Build configuration list for PBXNativeTarget "TestApp" */ = {
			isa = XCConfigurationList;
			buildConfigurations = (
				8B4A3F16245C1D5800C56ABD /* Debug */,
				8B4A3F17245C1D5800C56ABD /* Release */,
			);
			defaultConfigurationIsVisible = 0;
			defaultConfigurationName = Release;
		};
		8B4A3F18245C1D5800C56ABD /* Build configuration list for PBXNativeTarget "TestAppTests" */ = {
			isa = XCConfigurationList;
			buildConfigurations = (
				8B4A3F19245C1D5800C56ABD /* Debug */,
				8B4A3F1A245C1D5800C56ABD /* Release */,
			);
			defaultConfigurationIsVisible = 0;
			defaultConfigurationName = Release;
		};
		8B4A3F1B245C1D5800C56ABD /* Build configuration list for PBXNativeTarget "TestAppUITests" */ = {
			isa = XCConfigurationList;
			buildConfigurations = (
				8B4A3F1C245C1D5800C56ABD /* Debug */,
				8B4A3F1D245C1D5800C56ABD /* Release */,
			);
			defaultConfigurationIsVisible = 0;
			defaultConfigurationName = Release;
		};
/* End XCConfigurationList section */

/* Begin XCVersionGroup section */
		8B4A3EF4245C1D5600C56ABD /* TestApp.xcdatamodeld */ = {
			isa = XCVersionGroup;
			children = (
				8B4A3EF5245C1D5600C56ABD /* TestApp.xcdatamodel */,
			);
			currentVersion = 8B4A3EF5245C1D5600C56ABD /* TestApp.xcdatamodel */;
			path = TestApp.xcdatamodeld;
			sourceTree = "<group>";
			versionGroupType = wrapper.xcdatamodel;
		};
/* End XCVersionGroup section */
	};
	rootObject = 8B4A3EE0245C1D5600C56ABD /* Project object */;
}
